
Microsoft Visual Studio Solution File, Format Version 11.00
# Visual Studio 2010
Project("{FAE04EC0-301F-11D3-BF4B-00C04F79EFBC}") = "Assembly-CSharp", "Assembly-CSharp.csproj", "{fc334b03-57c1-b349-ebd1-b9074add1fe8}"
EndProject
Project("{FAE04EC0-301F-11D3-BF4B-00C04F79EFBC}") = "Assembly-CSharp-firstpass", "Assembly-CSharp-firstpass.csproj", "{77ff114b-b331-0ddd-2706-fba1fa770bbc}"
EndProject
Project("{FAE04EC0-301F-11D3-BF4B-00C04F79EFBC}") = "Assembly-CSharp-Editor-firstpass", "Assembly-CSharp-Editor-firstpass.csproj", "{47bd6d78-0dfe-f7cb-3331-0ce744b6a6e2}"
EndProject
Global
	GlobalSection(SolutionConfigurationPlatforms) = preSolution
		Debug|Any CPU = Debug|Any CPU
	EndGlobalSection
	GlobalSection(ProjectConfigurationPlatforms) = postSolution
		{fc334b03-57c1-b349-ebd1-b9074add1fe8}.Debug|Any CPU.ActiveCfg = Debug|Any CPU
		{fc334b03-57c1-b349-ebd1-b9074add1fe8}.Debug|Any CPU.Build.0 = Debug|Any CPU
		{77ff114b-b331-0ddd-2706-fba1fa770bbc}.Debug|Any CPU.ActiveCfg = Debug|Any CPU
		{77ff114b-b331-0ddd-2706-fba1fa770bbc}.Debug|Any CPU.Build.0 = Debug|Any CPU
		{47bd6d78-0dfe-f7cb-3331-0ce744b6a6e2}.Debug|Any CPU.ActiveCfg = Debug|Any CPU
		{47bd6d78-0dfe-f7cb-3331-0ce744b6a6e2}.Debug|Any CPU.Build.0 = Debug|Any CPU
	EndGlobalSection
	GlobalSection(SolutionProperties) = preSolution
		HideSolutionNode = FALSE
	EndGlobalSection
EndGlobal
